
Microsoft Visual Studio Solution File, Format Version 12.00
# Visual Studio 2013
VisualStudioVersion = 12.0.21005.1
MinimumVisualStudioVersion = 10.0.40219.1
Project("{FAE04EC0-301F-11D3-BF4B-00C04F79EFBC}") = "ActionMailer.Net", "ActionMailer.Net\ActionMailer.Net.csproj", "{85EC0023-CBBF-4C91-8681-D88DA6334305}"
EndProject
Project("{FAE04EC0-301F-11D3-BF4B-00C04F79EFBC}") = "ActionMailer.Net.Tests", "ActionMailer.Net.Tests\ActionMailer.Net.Tests.csproj", "{D2AEC1FD-C6C3-4950-BFEC-183971E7A8DC}"
EndProject
Project("{FAE04EC0-301F-11D3-BF4B-00C04F79EFBC}") = "ActionMailer.Net.Mvc", "ActionMailer.Net.Mvc\ActionMailer.Net.Mvc.csproj", "{F6389DEF-0B5C-46CA-BAAF-241E210C8744}"
EndProject
Project("{FAE04EC0-301F-11D3-BF4B-00C04F79EFBC}") = "ActionMailer.Net.Standalone", "ActionMailer.Net.Standalone\ActionMailer.Net.Standalone.csproj", "{D167A4F3-7EAF-4FCB-A42F-D4389A45BFF2}"
EndProject
Project("{FAE04EC0-301F-11D3-BF4B-00C04F79EFBC}") = "ActionMailer.Net.Postmark", "ActionMailer.Net.Postmark\ActionMailer.Net.Postmark.csproj", "{CD9F2932-FBE2-4B80-8B88-D6F0A3830C02}"
EndProject
Project("{2150E333-8FDC-42A3-9474-1A3956D46DE8}") = ".nuget", ".nuget", "{7A53C3BF-C075-4DA1-93DB-DEE6D3431B34}"
	ProjectSection(SolutionItems) = preProject
		.nuget\NuGet.Config = .nuget\NuGet.Config
		.nuget\nuget.exe = .nuget\nuget.exe
		.nuget\NuGet.targets = .nuget\NuGet.targets
	EndProjectSection
EndProject
Project("{FAE04EC0-301F-11D3-BF4B-00C04F79EFBC}") = "ActionMailer.Net.Mvc4", "ActionMailer.Net.Mvc4\ActionMailer.Net.Mvc4.csproj", "{72C63446-C4A6-48DD-A212-44FF566F906F}"
EndProject
Project("{FAE04EC0-301F-11D3-BF4B-00C04F79EFBC}") = "ActionMailer.Net.Mandrill", "ActionMailer.Net.Mandrill\ActionMailer.Net.Mandrill.csproj", "{F39A87B8-2BF8-421F-B00D-A368DD4902B2}"
EndProject
Global
	GlobalSection(SolutionConfigurationPlatforms) = preSolution
		Debug|Any CPU = Debug|Any CPU
		Debug|Mixed Platforms = Debug|Mixed Platforms
		Debug|x86 = Debug|x86
		Release|Any CPU = Release|Any CPU
		Release|Mixed Platforms = Release|Mixed Platforms
		Release|x86 = Release|x86
	EndGlobalSection
	GlobalSection(ProjectConfigurationPlatforms) = postSolution
		{85EC0023-CBBF-4C91-8681-D88DA6334305}.Debug|Any CPU.ActiveCfg = Debug|Any CPU
		{85EC0023-CBBF-4C91-8681-D88DA6334305}.Debug|Any CPU.Build.0 = Debug|Any CPU
		{85EC0023-CBBF-4C91-8681-D88DA6334305}.Debug|Mixed Platforms.ActiveCfg = Debug|Any CPU
		{85EC0023-CBBF-4C91-8681-D88DA6334305}.Debug|Mixed Platforms.Build.0 = Debug|Any CPU
		{85EC0023-CBBF-4C91-8681-D88DA6334305}.Debug|x86.ActiveCfg = Debug|Any CPU
		{85EC0023-CBBF-4C91-8681-D88DA6334305}.Release|Any CPU.ActiveCfg = Release|Any CPU
		{85EC0023-CBBF-4C91-8681-D88DA6334305}.Release|Any CPU.Build.0 = Release|Any CPU
		{85EC0023-CBBF-4C91-8681-D88DA6334305}.Release|Mixed Platforms.ActiveCfg = Release|Any CPU
		{85EC0023-CBBF-4C91-8681-D88DA6334305}.Release|Mixed Platforms.Build.0 = Release|Any CPU
		{85EC0023-CBBF-4C91-8681-D88DA6334305}.Release|x86.ActiveCfg = Release|Any CPU
		{D2AEC1FD-C6C3-4950-BFEC-183971E7A8DC}.Debug|Any CPU.ActiveCfg = Debug|Any CPU
		{D2AEC1FD-C6C3-4950-BFEC-183971E7A8DC}.Debug|Any CPU.Build.0 = Debug|Any CPU
		{D2AEC1FD-C6C3-4950-BFEC-183971E7A8DC}.Debug|Mixed Platforms.ActiveCfg = Debug|Any CPU
		{D2AEC1FD-C6C3-4950-BFEC-183971E7A8DC}.Debug|Mixed Platforms.Build.0 = Debug|Any CPU
		{D2AEC1FD-C6C3-4950-BFEC-183971E7A8DC}.Debug|x86.ActiveCfg = Debug|Any CPU
		{D2AEC1FD-C6C3-4950-BFEC-183971E7A8DC}.Release|Any CPU.ActiveCfg = Release|Any CPU
		{D2AEC1FD-C6C3-4950-BFEC-183971E7A8DC}.Release|Any CPU.Build.0 = Release|Any CPU
		{D2AEC1FD-C6C3-4950-BFEC-183971E7A8DC}.Release|Mixed Platforms.ActiveCfg = Release|Any CPU
		{D2AEC1FD-C6C3-4950-BFEC-183971E7A8DC}.Release|Mixed Platforms.Build.0 = Release|Any CPU
		{D2AEC1FD-C6C3-4950-BFEC-183971E7A8DC}.Release|x86.ActiveCfg = Release|Any CPU
		{F6389DEF-0B5C-46CA-BAAF-241E210C8744}.Debug|Any CPU.ActiveCfg = Debug|Any CPU
		{F6389DEF-0B5C-46CA-BAAF-241E210C8744}.Debug|Any CPU.Build.0 = Debug|Any CPU
		{F6389DEF-0B5C-46CA-BAAF-241E210C8744}.Debug|Mixed Platforms.ActiveCfg = Debug|Any CPU
		{F6389DEF-0B5C-46CA-BAAF-241E210C8744}.Debug|Mixed Platforms.Build.0 = Debug|Any CPU
		{F6389DEF-0B5C-46CA-BAAF-241E210C8744}.Debug|x86.ActiveCfg = Debug|Any CPU
		{F6389DEF-0B5C-46CA-BAAF-241E210C8744}.Release|Any CPU.ActiveCfg = Release|Any CPU
		{F6389DEF-0B5C-46CA-BAAF-241E210C8744}.Release|Any CPU.Build.0 = Release|Any CPU
		{F6389DEF-0B5C-46CA-BAAF-241E210C8744}.Release|Mixed Platforms.ActiveCfg = Release|Any CPU
		{F6389DEF-0B5C-46CA-BAAF-241E210C8744}.Release|Mixed Platforms.Build.0 = Release|Any CPU
		{F6389DEF-0B5C-46CA-BAAF-241E210C8744}.Release|x86.ActiveCfg = Release|Any CPU
		{D167A4F3-7EAF-4FCB-A42F-D4389A45BFF2}.Debug|Any CPU.ActiveCfg = Debug|Any CPU
		{D167A4F3-7EAF-4FCB-A42F-D4389A45BFF2}.Debug|Any CPU.Build.0 = Debug|Any CPU
		{D167A4F3-7EAF-4FCB-A42F-D4389A45BFF2}.Debug|Mixed Platforms.ActiveCfg = Debug|Any CPU
		{D167A4F3-7EAF-4FCB-A42F-D4389A45BFF2}.Debug|Mixed Platforms.Build.0 = Debug|Any CPU
		{D167A4F3-7EAF-4FCB-A42F-D4389A45BFF2}.Debug|x86.ActiveCfg = Debug|Any CPU
		{D167A4F3-7EAF-4FCB-A42F-D4389A45BFF2}.Release|Any CPU.ActiveCfg = Release|Any CPU
		{D167A4F3-7EAF-4FCB-A42F-D4389A45BFF2}.Release|Any CPU.Build.0 = Release|Any CPU
		{D167A4F3-7EAF-4FCB-A42F-D4389A45BFF2}.Release|Mixed Platforms.ActiveCfg = Release|Any CPU
		{D167A4F3-7EAF-4FCB-A42F-D4389A45BFF2}.Release|Mixed Platforms.Build.0 = Release|Any CPU
		{D167A4F3-7EAF-4FCB-A42F-D4389A45BFF2}.Release|x86.ActiveCfg = Release|Any CPU
		{CD9F2932-FBE2-4B80-8B88-D6F0A3830C02}.Debug|Any CPU.ActiveCfg = Debug|Any CPU
		{CD9F2932-FBE2-4B80-8B88-D6F0A3830C02}.Debug|Any CPU.Build.0 = Debug|Any CPU
		{CD9F2932-FBE2-4B80-8B88-D6F0A3830C02}.Debug|Mixed Platforms.ActiveCfg = Debug|Any CPU
		{CD9F2932-FBE2-4B80-8B88-D6F0A3830C02}.Debug|Mixed Platforms.Build.0 = Debug|Any CPU
		{CD9F2932-FBE2-4B80-8B88-D6F0A3830C02}.Debug|x86.ActiveCfg = Debug|Any CPU
		{CD9F2932-FBE2-4B80-8B88-D6F0A3830C02}.Release|Any CPU.ActiveCfg = Release|Any CPU
		{CD9F2932-FBE2-4B80-8B88-D6F0A3830C02}.Release|Any CPU.Build.0 = Release|Any CPU
		{CD9F2932-FBE2-4B80-8B88-D6F0A3830C02}.Release|Mixed Platforms.ActiveCfg = Release|Any CPU
		{CD9F2932-FBE2-4B80-8B88-D6F0A3830C02}.Release|Mixed Platforms.Build.0 = Release|Any CPU
		{CD9F2932-FBE2-4B80-8B88-D6F0A3830C02}.Release|x86.ActiveCfg = Release|Any CPU
		{72C63446-C4A6-48DD-A212-44FF566F906F}.Debug|Any CPU.ActiveCfg = Debug|Any CPU
		{72C63446-C4A6-48DD-A212-44FF566F906F}.Debug|Any CPU.Build.0 = Debug|Any CPU
		{72C63446-C4A6-48DD-A212-44FF566F906F}.Debug|Mixed Platforms.ActiveCfg = Debug|Any CPU
		{72C63446-C4A6-48DD-A212-44FF566F906F}.Debug|Mixed Platforms.Build.0 = Debug|Any CPU
		{72C63446-C4A6-48DD-A212-44FF566F906F}.Debug|x86.ActiveCfg = Debug|Any CPU
		{72C63446-C4A6-48DD-A212-44FF566F906F}.Release|Any CPU.ActiveCfg = Release|Any CPU
		{72C63446-C4A6-48DD-A212-44FF566F906F}.Release|Any CPU.Build.0 = Release|Any CPU
		{72C63446-C4A6-48DD-A212-44FF566F906F}.Release|Mixed Platforms.ActiveCfg = Release|Any CPU
		{72C63446-C4A6-48DD-A212-44FF566F906F}.Release|Mixed Platforms.Build.0 = Release|Any CPU
		{72C63446-C4A6-48DD-A212-44FF566F906F}.Release|x86.ActiveCfg = Release|Any CPU
		{F39A87B8-2BF8-421F-B00D-A368DD4902B2}.Debug|Any CPU.ActiveCfg = Debug|Any CPU
		{F39A87B8-2BF8-421F-B00D-A368DD4902B2}.Debug|Any CPU.Build.0 = Debug|Any CPU
		{F39A87B8-2BF8-421F-B00D-A368DD4902B2}.Debug|Mixed Platforms.ActiveCfg = Debug|Any CPU
		{F39A87B8-2BF8-421F-B00D-A368DD4902B2}.Debug|Mixed Platforms.Build.0 = Debug|Any CPU
		{F39A87B8-2BF8-421F-B00D-A368DD4902B2}.Debug|x86.ActiveCfg = Debug|Any CPU
		{F39A87B8-2BF8-421F-B00D-A368DD4902B2}.Release|Any CPU.ActiveCfg = Release|Any CPU
		{F39A87B8-2BF8-421F-B00D-A368DD4902B2}.Release|Any CPU.Build.0 = Release|Any CPU
		{F39A87B8-2BF8-421F-B00D-A368DD4902B2}.Release|Mixed Platforms.ActiveCfg = Release|Any CPU
		{F39A87B8-2BF8-421F-B00D-A368DD4902B2}.Release|Mixed Platforms.Build.0 = Release|Any CPU
		{F39A87B8-2BF8-421F-B00D-A368DD4902B2}.Release|x86.ActiveCfg = Release|Any CPU
	EndGlobalSection
	GlobalSection(SolutionProperties) = preSolution
		HideSolutionNode = FALSE
	EndGlobalSection
EndGlobal
